
Microsoft Visual Studio Solution File, Format Version 12.00
# Visual Studio Version 17
VisualStudioVersion = 17.4.33110.190
MinimumVisualStudioVersion = 10.0.40219.1
Project("{FAE04EC0-301F-11D3-BF4B-00C04F79EFBC}") = "BetterScrapperTurrets", "BetterScrapperTurrets\BetterScrapperTurrets.csproj", "{ACFB42F6-7726-4D5D-8674-0EF1BEB4422B}"
EndProject
Global
	GlobalSection(SolutionConfigurationPlatforms) = preSolution
		Debug|Any CPU = Debug|Any CPU
		Release|Any CPU = Release|Any CPU
	EndGlobalSection
	GlobalSection(ProjectConfigurationPlatforms) = postSolution
		{ACFB42F6-7726-4D5D-8674-0EF1BEB4422B}.Debug|Any CPU.ActiveCfg = Debug|Any CPU
		{ACFB42F6-7726-4D5D-8674-0EF1BEB4422B}.Debug|Any CPU.Build.0 = Debug|Any CPU
		{ACFB42F6-7726-4D5D-8674-0EF1BEB4422B}.Release|Any CPU.ActiveCfg = Release|Any CPU
		{ACFB42F6-7726-4D5D-8674-0EF1BEB4422B}.Release|Any CPU.Build.0 = Release|Any CPU
	EndGlobalSection
	GlobalSection(SolutionProperties) = preSolution
		HideSolutionNode = FALSE
	EndGlobalSection
	GlobalSection(ExtensibilityGlobals) = postSolution
		SolutionGuid = {5DA91DDA-6632-4830-9674-8D68141C0716}
	EndGlobalSection
EndGlobal
